
Microsoft Visual Studio Solution File, Format Version 12.00
# Visual Studio Version 17
VisualStudioVersion = 17.5.33516.290
MinimumVisualStudioVersion = 10.0.40219.1
Project("{FAE04EC0-301F-11D3-BF4B-00C04F79EFBC}") = "ClientWeb", "ClientWeb\ClientWeb.csproj", "{7320C25F-C304-4646-A81D-4861C166CD1D}"
EndProject
Global
	GlobalSection(SolutionConfigurationPlatforms) = preSolution
		Debug|Any CPU = Debug|Any CPU
		Release|Any CPU = Release|Any CPU
	EndGlobalSection
	GlobalSection(ProjectConfigurationPlatforms) = postSolution
		{7320C25F-C304-4646-A81D-4861C166CD1D}.Debug|Any CPU.ActiveCfg = Debug|Any CPU
		{7320C25F-C304-4646-A81D-4861C166CD1D}.Debug|Any CPU.Build.0 = Debug|Any CPU
		{7320C25F-C304-4646-A81D-4861C166CD1D}.Release|Any CPU.ActiveCfg = Release|Any CPU
		{7320C25F-C304-4646-A81D-4861C166CD1D}.Release|Any CPU.Build.0 = Release|Any CPU
	EndGlobalSection
	GlobalSection(SolutionProperties) = preSolution
		HideSolutionNode = FALSE
	EndGlobalSection
	GlobalSection(ExtensibilityGlobals) = postSolution
		SolutionGuid = {64686362-EE00-46C8-AED8-D559F92B8C91}
	EndGlobalSection
EndGlobal
